
Microsoft Visual Studio Solution File, Format Version 12.00
# Visual Studio Version 17
VisualStudioVersion = 17.0.32014.148
MinimumVisualStudioVersion = 10.0.40219.1
Project("{9A19103F-16F7-4668-BE54-9A1E7A4F7556}") = "ProjetoDemo", "ProjetoDemo\ProjetoDemo.csproj", "{99780AD3-F9AD-421B-ADC6-65CE1489B91A}"
EndProject
Project("{2150E333-8FDC-42A3-9474-1A3956D46DE8}") = "01-Presentation", "01-Presentation", "{472C2CD2-F59B-435D-8B7F-980B67B2A23E}"
EndProject
Project("{2150E333-8FDC-42A3-9474-1A3956D46DE8}") = "02-Domain", "02-Domain", "{332BBA0C-EDA8-453C-8035-8A38F0747818}"
EndProject
Project("{9A19103F-16F7-4668-BE54-9A1E7A4F7556}") = "Domain", "Domain\Domain.csproj", "{CF1830A0-7941-4B74-BF54-703C2D9231BC}"
EndProject
Project("{2150E333-8FDC-42A3-9474-1A3956D46DE8}") = "03-Business", "03-Business", "{E0F83962-F942-4AD6-A6D9-80086D1566E8}"
EndProject
Project("{9A19103F-16F7-4668-BE54-9A1E7A4F7556}") = "Business", "Business\Business.csproj", "{FEC6FC91-2E5B-4FC9-BAC6-B166AF1EEA99}"
EndProject
Project("{2150E333-8FDC-42A3-9474-1A3956D46DE8}") = "DataBase", "DataBase", "{DC731CA9-9F18-435F-9118-3158004D7884}"
EndProject
Project("{9A19103F-16F7-4668-BE54-9A1E7A4F7556}") = "DataBase", "DataBase\DataBase.csproj", "{A02954EE-D642-447F-AD97-C6F30CBCC6B8}"
EndProject
Project("{2150E333-8FDC-42A3-9474-1A3956D46DE8}") = "Tests", "Tests", "{40F5A97B-28F8-475B-B4CB-90071178A845}"
EndProject
Project("{FAE04EC0-301F-11D3-BF4B-00C04F79EFBC}") = "ProjetoDemo.Tests", "ProjetoDemo.Tests\ProjetoDemo.Tests.csproj", "{AA097528-2EA0-457D-813B-8F351691AB03}"
EndProject
Global
	GlobalSection(SolutionConfigurationPlatforms) = preSolution
		Debug|Any CPU = Debug|Any CPU
		Release|Any CPU = Release|Any CPU
	EndGlobalSection
	GlobalSection(ProjectConfigurationPlatforms) = postSolution
		{99780AD3-F9AD-421B-ADC6-65CE1489B91A}.Debug|Any CPU.ActiveCfg = Debug|Any CPU
		{99780AD3-F9AD-421B-ADC6-65CE1489B91A}.Debug|Any CPU.Build.0 = Debug|Any CPU
		{99780AD3-F9AD-421B-ADC6-65CE1489B91A}.Release|Any CPU.ActiveCfg = Release|Any CPU
		{99780AD3-F9AD-421B-ADC6-65CE1489B91A}.Release|Any CPU.Build.0 = Release|Any CPU
		{CF1830A0-7941-4B74-BF54-703C2D9231BC}.Debug|Any CPU.ActiveCfg = Debug|Any CPU
		{CF1830A0-7941-4B74-BF54-703C2D9231BC}.Debug|Any CPU.Build.0 = Debug|Any CPU
		{CF1830A0-7941-4B74-BF54-703C2D9231BC}.Release|Any CPU.ActiveCfg = Release|Any CPU
		{CF1830A0-7941-4B74-BF54-703C2D9231BC}.Release|Any CPU.Build.0 = Release|Any CPU
		{FEC6FC91-2E5B-4FC9-BAC6-B166AF1EEA99}.Debug|Any CPU.ActiveCfg = Debug|Any CPU
		{FEC6FC91-2E5B-4FC9-BAC6-B166AF1EEA99}.Debug|Any CPU.Build.0 = Debug|Any CPU
		{FEC6FC91-2E5B-4FC9-BAC6-B166AF1EEA99}.Release|Any CPU.ActiveCfg = Release|Any CPU
		{FEC6FC91-2E5B-4FC9-BAC6-B166AF1EEA99}.Release|Any CPU.Build.0 = Release|Any CPU
		{A02954EE-D642-447F-AD97-C6F30CBCC6B8}.Debug|Any CPU.ActiveCfg = Debug|Any CPU
		{A02954EE-D642-447F-AD97-C6F30CBCC6B8}.Debug|Any CPU.Build.0 = Debug|Any CPU
		{A02954EE-D642-447F-AD97-C6F30CBCC6B8}.Release|Any CPU.ActiveCfg = Release|Any CPU
		{A02954EE-D642-447F-AD97-C6F30CBCC6B8}.Release|Any CPU.Build.0 = Release|Any CPU
		{AA097528-2EA0-457D-813B-8F351691AB03}.Debug|Any CPU.ActiveCfg = Debug|Any CPU
		{AA097528-2EA0-457D-813B-8F351691AB03}.Debug|Any CPU.Build.0 = Debug|Any CPU
		{AA097528-2EA0-457D-813B-8F351691AB03}.Release|Any CPU.ActiveCfg = Release|Any CPU
		{AA097528-2EA0-457D-813B-8F351691AB03}.Release|Any CPU.Build.0 = Release|Any CPU
	EndGlobalSection
	GlobalSection(SolutionProperties) = preSolution
		HideSolutionNode = FALSE
	EndGlobalSection
	GlobalSection(NestedProjects) = preSolution
		{99780AD3-F9AD-421B-ADC6-65CE1489B91A} = {472C2CD2-F59B-435D-8B7F-980B67B2A23E}
		{CF1830A0-7941-4B74-BF54-703C2D9231BC} = {332BBA0C-EDA8-453C-8035-8A38F0747818}
		{FEC6FC91-2E5B-4FC9-BAC6-B166AF1EEA99} = {E0F83962-F942-4AD6-A6D9-80086D1566E8}
		{A02954EE-D642-447F-AD97-C6F30CBCC6B8} = {DC731CA9-9F18-435F-9118-3158004D7884}
		{AA097528-2EA0-457D-813B-8F351691AB03} = {40F5A97B-28F8-475B-B4CB-90071178A845}
	EndGlobalSection
	GlobalSection(ExtensibilityGlobals) = postSolution
		SolutionGuid = {ABDE52EA-6125-4A88-85A2-51F3C761C0EA}
	EndGlobalSection
EndGlobal
